
Microsoft Visual Studio Solution File, Format Version 12.00
# Visual Studio Version 17
VisualStudioVersion = 17.6.33815.320
MinimumVisualStudioVersion = 10.0.40219.1
Project("{FAE04EC0-301F-11D3-BF4B-00C04F79EFBC}") = "MoodAnalyzer", "MoodAnalyzer\MoodAnalyzer.csproj", "{343ED1AF-EA86-4B73-A88B-8BBC25A4B281}"
EndProject
Global
	GlobalSection(SolutionConfigurationPlatforms) = preSolution
		Debug|Any CPU = Debug|Any CPU
		Release|Any CPU = Release|Any CPU
	EndGlobalSection
	GlobalSection(ProjectConfigurationPlatforms) = postSolution
		{343ED1AF-EA86-4B73-A88B-8BBC25A4B281}.Debug|Any CPU.ActiveCfg = Debug|Any CPU
		{343ED1AF-EA86-4B73-A88B-8BBC25A4B281}.Debug|Any CPU.Build.0 = Debug|Any CPU
		{343ED1AF-EA86-4B73-A88B-8BBC25A4B281}.Release|Any CPU.ActiveCfg = Release|Any CPU
		{343ED1AF-EA86-4B73-A88B-8BBC25A4B281}.Release|Any CPU.Build.0 = Release|Any CPU
	EndGlobalSection
	GlobalSection(SolutionProperties) = preSolution
		HideSolutionNode = FALSE
	EndGlobalSection
	GlobalSection(ExtensibilityGlobals) = postSolution
		SolutionGuid = {34239ADB-C412-4ABB-A875-19376BC7C397}
	EndGlobalSection
EndGlobal
